
Microsoft Visual Studio Solution File, Format Version 12.00
# Visual Studio Version 16
VisualStudioVersion = 16.0.30717.126
MinimumVisualStudioVersion = 10.0.40219.1
Project("{FAE04EC0-301F-11D3-BF4B-00C04F79EFBC}") = "Net5AnimeStore", "Net5AnimeStore\Net5AnimeStore.csproj", "{0BBA3789-F198-4CC3-963D-028E45771B75}"
EndProject
Global
	GlobalSection(SolutionConfigurationPlatforms) = preSolution
		Debug|Any CPU = Debug|Any CPU
		Release|Any CPU = Release|Any CPU
	EndGlobalSection
	GlobalSection(ProjectConfigurationPlatforms) = postSolution
		{0BBA3789-F198-4CC3-963D-028E45771B75}.Debug|Any CPU.ActiveCfg = Debug|Any CPU
		{0BBA3789-F198-4CC3-963D-028E45771B75}.Debug|Any CPU.Build.0 = Debug|Any CPU
		{0BBA3789-F198-4CC3-963D-028E45771B75}.Release|Any CPU.ActiveCfg = Release|Any CPU
		{0BBA3789-F198-4CC3-963D-028E45771B75}.Release|Any CPU.Build.0 = Release|Any CPU
	EndGlobalSection
	GlobalSection(SolutionProperties) = preSolution
		HideSolutionNode = FALSE
	EndGlobalSection
	GlobalSection(ExtensibilityGlobals) = postSolution
		SolutionGuid = {6506F5B0-BCC7-4EFE-B3BB-939FDB5AC800}
	EndGlobalSection
EndGlobal
